
Microsoft Visual Studio Solution File, Format Version 10.00
# Visual Studio 2008
Project("{FAE04EC0-301F-11D3-BF4B-00C04F79EFBC}") = "SWUS", "SWUS\SWUS.csproj", "{62579135-E0D7-4EE8-AE92-C320B932E5FE}"
EndProject
Project("{FAE04EC0-301F-11D3-BF4B-00C04F79EFBC}") = "SWUSTester", "SWUSTester\SWUSTester.csproj", "{516D6F61-A6AF-4875-B308-3612672A87CF}"
EndProject
Global
	GlobalSection(SolutionConfigurationPlatforms) = preSolution
		Debug|Any CPU = Debug|Any CPU
		Release|Any CPU = Release|Any CPU
	EndGlobalSection
	GlobalSection(ProjectConfigurationPlatforms) = postSolution
		{62579135-E0D7-4EE8-AE92-C320B932E5FE}.Debug|Any CPU.ActiveCfg = Debug|Any CPU
		{62579135-E0D7-4EE8-AE92-C320B932E5FE}.Debug|Any CPU.Build.0 = Debug|Any CPU
		{62579135-E0D7-4EE8-AE92-C320B932E5FE}.Release|Any CPU.ActiveCfg = Release|Any CPU
		{62579135-E0D7-4EE8-AE92-C320B932E5FE}.Release|Any CPU.Build.0 = Release|Any CPU
		{516D6F61-A6AF-4875-B308-3612672A87CF}.Debug|Any CPU.ActiveCfg = Debug|Any CPU
		{516D6F61-A6AF-4875-B308-3612672A87CF}.Debug|Any CPU.Build.0 = Debug|Any CPU
		{516D6F61-A6AF-4875-B308-3612672A87CF}.Release|Any CPU.ActiveCfg = Release|Any CPU
		{516D6F61-A6AF-4875-B308-3612672A87CF}.Release|Any CPU.Build.0 = Release|Any CPU
	EndGlobalSection
	GlobalSection(SolutionProperties) = preSolution
		HideSolutionNode = FALSE
	EndGlobalSection
EndGlobal
